// !$*UTF8*$!
{
	archiveVersion = 1;
	classes = {
	};
	objectVersion = 77;
	objects = {

/* Begin PBXBuildFile section */
		6142AF512E2707FB00F0C79D /* WidgetKit.framework in Frameworks */ = {isa = PBXBuildFile; fileRef = 6142AF502E2707FB00F0C79D /* WidgetKit.framework */; };
		6142AF532E2707FB00F0C79D /* SwiftUI.framework in Frameworks */ = {isa = PBXBuildFile; fileRef = 6142AF522E2707FB00F0C79D /* SwiftUI.framework */; };
		6142AF622E2707FE00F0C79D /* FitterWidgetExtension.appex in Embed Foundation Extensions */ = {isa = PBXBuildFile; fileRef = 6142AF4E2E2707FB00F0C79D /* FitterWidgetExtension.appex */; settings = {ATTRIBUTES = (RemoveHeadersOnCopy, ); }; };
		61BC924A2E4D4D50008EA319 /* AppIntents.framework in Frameworks */ = {isa = PBXBuildFile; fileRef = 61BC92492E4D4D50008EA319 /* AppIntents.framework */; };
/* End PBXBuildFile section */

/* Begin PBXContainerItemProxy section */
		613C4E6D2E25C22F00237B60 /* PBXContainerItemProxy */ = {
			isa = PBXContainerItemProxy;
			containerPortal = 613C4E572E25C22A00237B60 /* Project object */;
			proxyType = 1;
			remoteGlobalIDString = 613C4E5E2E25C22A00237B60;
			remoteInfo = Fitter;
		};
		613C4E772E25C22F00237B60 /* PBXContainerItemProxy */ = {
			isa = PBXContainerItemProxy;
			containerPortal = 613C4E572E25C22A00237B60 /* Project object */;
			proxyType = 1;
			remoteGlobalIDString = 613C4E5E2E25C22A00237B60;
			remoteInfo = Fitter;
		};
		6142AF602E2707FE00F0C79D /* PBXContainerItemProxy */ = {
			isa = PBXContainerItemProxy;
			containerPortal = 613C4E572E25C22A00237B60 /* Project object */;
			proxyType = 1;
			remoteGlobalIDString = 6142AF4D2E2707FB00F0C79D;
			remoteInfo = FitterWidgetExtension;
		};
/* End PBXContainerItemProxy section */

/* Begin PBXCopyFilesBuildPhase section */
		6142AF632E2707FF00F0C79D /* Embed Foundation Extensions */ = {
			isa = PBXCopyFilesBuildPhase;
			buildActionMask = 2147483647;
			dstPath = "";
			dstSubfolderSpec = 13;
			files = (
				6142AF622E2707FE00F0C79D /* FitterWidgetExtension.appex in Embed Foundation Extensions */,
			);
			name = "Embed Foundation Extensions";
			runOnlyForDeploymentPostprocessing = 0;
		};
/* End PBXCopyFilesBuildPhase section */

/* Begin PBXFileReference section */
		613C4E5F2E25C22A00237B60 /* Fitter.app */ = {isa = PBXFileReference; explicitFileType = wrapper.application; includeInIndex = 0; path = Fitter.app; sourceTree = BUILT_PRODUCTS_DIR; };
		613C4E6C2E25C22F00237B60 /* FitterTests.xctest */ = {isa = PBXFileReference; explicitFileType = wrapper.cfbundle; includeInIndex = 0; path = FitterTests.xctest; sourceTree = BUILT_PRODUCTS_DIR; };
		613C4E762E25C22F00237B60 /* FitterUITests.xctest */ = {isa = PBXFileReference; explicitFileType = wrapper.cfbundle; includeInIndex = 0; path = FitterUITests.xctest; sourceTree = BUILT_PRODUCTS_DIR; };
		6142AF4E2E2707FB00F0C79D /* FitterWidgetExtension.appex */ = {isa = PBXFileReference; explicitFileType = "wrapper.app-extension"; includeInIndex = 0; path = FitterWidgetExtension.appex; sourceTree = BUILT_PRODUCTS_DIR; };
		6142AF502E2707FB00F0C79D /* WidgetKit.framework */ = {isa = PBXFileReference; lastKnownFileType = wrapper.framework; name = WidgetKit.framework; path = System/Library/Frameworks/WidgetKit.framework; sourceTree = SDKROOT; };
		6142AF522E2707FB00F0C79D /* SwiftUI.framework */ = {isa = PBXFileReference; lastKnownFileType = wrapper.framework; name = SwiftUI.framework; path = System/Library/Frameworks/SwiftUI.framework; sourceTree = SDKROOT; };
		6142AF692E270B4A00F0C79D /* FitterWidgetExtension.entitlements */ = {isa = PBXFileReference; lastKnownFileType = text.plist.entitlements; path = FitterWidgetExtension.entitlements; sourceTree = "<group>"; };
		61BC92492E4D4D50008EA319 /* AppIntents.framework */ = {isa = PBXFileReference; lastKnownFileType = wrapper.framework; name = AppIntents.framework; path = System/Library/Frameworks/AppIntents.framework; sourceTree = SDKROOT; };
/* End PBXFileReference section */

/* Begin PBXFileSystemSynchronizedBuildFileExceptionSet section */
		61642B4B2E2D2FD400DC37DC /* Exceptions for "FitterWidget" folder in "FitterWidgetExtension" target */ = {
			isa = PBXFileSystemSynchronizedBuildFileExceptionSet;
			membershipExceptions = (
				Info.plist,
			);
			target = 6142AF4D2E2707FB00F0C79D /* FitterWidgetExtension */;
		};
		61642B512E2D340B00DC37DC /* Exceptions for "Fitter" folder in "Fitter" target */ = {
			isa = PBXFileSystemSynchronizedBuildFileExceptionSet;
			membershipExceptions = (
				Fitter/Info.plist,
			);
			target = 613C4E5E2E25C22A00237B60 /* Fitter */;
		};
/* End PBXFileSystemSynchronizedBuildFileExceptionSet section */

/* Begin PBXFileSystemSynchronizedRootGroup section */
		613C4E612E25C22A00237B60 /* Fitter */ = {
			isa = PBXFileSystemSynchronizedRootGroup;
			exceptions = (
				61642B512E2D340B00DC37DC /* Exceptions for "Fitter" folder in "Fitter" target */,
			);
			path = Fitter;
			sourceTree = "<group>";
		};
		613C4E6F2E25C22F00237B60 /* FitterTests */ = {
			isa = PBXFileSystemSynchronizedRootGroup;
			path = FitterTests;
			sourceTree = "<group>";
		};
		613C4E792E25C22F00237B60 /* FitterUITests */ = {
			isa = PBXFileSystemSynchronizedRootGroup;
			path = FitterUITests;
			sourceTree = "<group>";
		};
		6142AF542E2707FB00F0C79D /* FitterWidget */ = {
			isa = PBXFileSystemSynchronizedRootGroup;
			exceptions = (
				61642B4B2E2D2FD400DC37DC /* Exceptions for "FitterWidget" folder in "FitterWidgetExtension" target */,
			);
			path = FitterWidget;
			sourceTree = "<group>";
		};
/* End PBXFileSystemSynchronizedRootGroup section */

/* Begin PBXFrameworksBuildPhase section */
		613C4E5C2E25C22A00237B60 /* Frameworks */ = {
			isa = PBXFrameworksBuildPhase;
			buildActionMask = 2147483647;
			files = (
			);
			runOnlyForDeploymentPostprocessing = 0;
		};
		613C4E692E25C22F00237B60 /* Frameworks */ = {
			isa = PBXFrameworksBuildPhase;
			buildActionMask = 2147483647;
			files = (
			);
			runOnlyForDeploymentPostprocessing = 0;
		};
		613C4E732E25C22F00237B60 /* Frameworks */ = {
			isa = PBXFrameworksBuildPhase;
			buildActionMask = 2147483647;
			files = (
			);
			runOnlyForDeploymentPostprocessing = 0;
		};
		6142AF4B2E2707FB00F0C79D /* Frameworks */ = {
			isa = PBXFrameworksBuildPhase;
			buildActionMask = 2147483647;
			files = (
				61BC924A2E4D4D50008EA319 /* AppIntents.framework in Frameworks */,
				6142AF532E2707FB00F0C79D /* SwiftUI.framework in Frameworks */,
				6142AF512E2707FB00F0C79D /* WidgetKit.framework in Frameworks */,
			);
			runOnlyForDeploymentPostprocessing = 0;
		};
/* End PBXFrameworksBuildPhase section */

/* Begin PBXGroup section */
		613C4E562E25C22A00237B60 = {
			isa = PBXGroup;
			children = (
				6142AF692E270B4A00F0C79D /* FitterWidgetExtension.entitlements */,
				613C4E612E25C22A00237B60 /* Fitter */,
				613C4E6F2E25C22F00237B60 /* FitterTests */,
				613C4E792E25C22F00237B60 /* FitterUITests */,
				6142AF542E2707FB00F0C79D /* FitterWidget */,
				6142AF4F2E2707FB00F0C79D /* Frameworks */,
				613C4E602E25C22A00237B60 /* Products */,
			);
			sourceTree = "<group>";
		};
		613C4E602E25C22A00237B60 /* Products */ = {
			isa = PBXGroup;
			children = (
				613C4E5F2E25C22A00237B60 /* Fitter.app */,
				613C4E6C2E25C22F00237B60 /* FitterTests.xctest */,
				613C4E762E25C22F00237B60 /* FitterUITests.xctest */,
				6142AF4E2E2707FB00F0C79D /* FitterWidgetExtension.appex */,
			);
			name = Products;
			sourceTree = "<group>";
		};
		6142AF4F2E2707FB00F0C79D /* Frameworks */ = {
			isa = PBXGroup;
			children = (
				61BC92492E4D4D50008EA319 /* AppIntents.framework */,
				6142AF502E2707FB00F0C79D /* WidgetKit.framework */,
				6142AF522E2707FB00F0C79D /* SwiftUI.framework */,
			);
			name = Frameworks;
			sourceTree = "<group>";
		};
/* End PBXGroup section */

/* Begin PBXNativeTarget section */
		613C4E5E2E25C22A00237B60 /* Fitter */ = {
			isa = PBXNativeTarget;
			buildConfigurationList = 613C4E802E25C22F00237B60 /* Build configuration list for PBXNativeTarget "Fitter" */;
			buildPhases = (
				613C4E5B2E25C22A00237B60 /* Sources */,
				613C4E5C2E25C22A00237B60 /* Frameworks */,
				613C4E5D2E25C22A00237B60 /* Resources */,
				6142AF632E2707FF00F0C79D /* Embed Foundation Extensions */,
			);
			buildRules = (
			);
			dependencies = (
				6142AF612E2707FE00F0C79D /* PBXTargetDependency */,
			);
			fileSystemSynchronizedGroups = (
				613C4E612E25C22A00237B60 /* Fitter */,
			);
			name = Fitter;
			packageProductDependencies = (
			);
			productName = Fitter;
			productReference = 613C4E5F2E25C22A00237B60 /* Fitter.app */;
			productType = "com.apple.product-type.application";
		};
		613C4E6B2E25C22F00237B60 /* FitterTests */ = {
			isa = PBXNativeTarget;
			buildConfigurationList = 613C4E832E25C22F00237B60 /* Build configuration list for PBXNativeTarget "FitterTests" */;
			buildPhases = (
				613C4E682E25C22F00237B60 /* Sources */,
				613C4E692E25C22F00237B60 /* Frameworks */,
				613C4E6A2E25C22F00237B60 /* Resources */,
			);
			buildRules = (
			);
			dependencies = (
				613C4E6E2E25C22F00237B60 /* PBXTargetDependency */,
			);
			fileSystemSynchronizedGroups = (
				613C4E6F2E25C22F00237B60 /* FitterTests */,
			);
			name = FitterTests;
			packageProductDependencies = (
			);
			productName = FitterTests;
			productReference = 613C4E6C2E25C22F00237B60 /* FitterTests.xctest */;
			productType = "com.apple.product-type.bundle.unit-test";
		};
		613C4E752E25C22F00237B60 /* FitterUITests */ = {
			isa = PBXNativeTarget;
			buildConfigurationList = 613C4E862E25C22F00237B60 /* Build configuration list for PBXNativeTarget "FitterUITests" */;
			buildPhases = (
				613C4E722E25C22F00237B60 /* Sources */,
				613C4E732E25C22F00237B60 /* Frameworks */,
				613C4E742E25C22F00237B60 /* Resources */,
			);
			buildRules = (
			);
			dependencies = (
				613C4E782E25C22F00237B60 /* PBXTargetDependency */,
			);
			fileSystemSynchronizedGroups = (
				613C4E792E25C22F00237B60 /* FitterUITests */,
			);
			name = FitterUITests;
			packageProductDependencies = (
			);
			productName = FitterUITests;
			productReference = 613C4E762E25C22F00237B60 /* FitterUITests.xctest */;
			productType = "com.apple.product-type.bundle.ui-testing";
		};
		6142AF4D2E2707FB00F0C79D /* FitterWidgetExtension */ = {
			isa = PBXNativeTarget;
			buildConfigurationList = 6142AF672E2707FF00F0C79D /* Build configuration list for PBXNativeTarget "FitterWidgetExtension" */;
			buildPhases = (
				6142AF4A2E2707FB00F0C79D /* Sources */,
				6142AF4B2E2707FB00F0C79D /* Frameworks */,
				6142AF4C2E2707FB00F0C79D /* Resources */,
			);
			buildRules = (
			);
			dependencies = (
			);
			fileSystemSynchronizedGroups = (
				6142AF542E2707FB00F0C79D /* FitterWidget */,
			);
			name = FitterWidgetExtension;
			packageProductDependencies = (
			);
			productName = FitterWidgetExtension;
			productReference = 6142AF4E2E2707FB00F0C79D /* FitterWidgetExtension.appex */;
			productType = "com.apple.product-type.app-extension";
		};
/* End PBXNativeTarget section */

/* Begin PBXProject section */
		613C4E572E25C22A00237B60 /* Project object */ = {
			isa = PBXProject;
			attributes = {
				BuildIndependentTargetsInParallel = 1;
				LastSwiftUpdateCheck = 1640;
				LastUpgradeCheck = 2600;
				TargetAttributes = {
					613C4E5E2E25C22A00237B60 = {
						CreatedOnToolsVersion = 16.4;
					};
					613C4E6B2E25C22F00237B60 = {
						CreatedOnToolsVersion = 16.4;
						TestTargetID = 613C4E5E2E25C22A00237B60;
					};
					613C4E752E25C22F00237B60 = {
						CreatedOnToolsVersion = 16.4;
						TestTargetID = 613C4E5E2E25C22A00237B60;
					};
					6142AF4D2E2707FB00F0C79D = {
						CreatedOnToolsVersion = 16.4;
					};
				};
			};
			buildConfigurationList = 613C4E5A2E25C22A00237B60 /* Build configuration list for PBXProject "Fitter" */;
			developmentRegion = en;
			hasScannedForEncodings = 0;
			knownRegions = (
				en,
				Base,
			);
			mainGroup = 613C4E562E25C22A00237B60;
			minimizedProjectReferenceProxies = 1;
			preferredProjectObjectVersion = 77;
			productRefGroup = 613C4E602E25C22A00237B60 /* Products */;
			projectDirPath = "";
			projectRoot = "";
			targets = (
				613C4E5E2E25C22A00237B60 /* Fitter */,
				613C4E6B2E25C22F00237B60 /* FitterTests */,
				613C4E752E25C22F00237B60 /* FitterUITests */,
				6142AF4D2E2707FB00F0C79D /* FitterWidgetExtension */,
			);
		};
/* End PBXProject section */

/* Begin PBXResourcesBuildPhase section */
		613C4E5D2E25C22A00237B60 /* Resources */ = {
			isa = PBXResourcesBuildPhase;
			buildActionMask = 2147483647;
			files = (
			);
			runOnlyForDeploymentPostprocessing = 0;
		};
		613C4E6A2E25C22F00237B60 /* Resources */ = {
			isa = PBXResourcesBuildPhase;
			buildActionMask = 2147483647;
			files = (
			);
			runOnlyForDeploymentPostprocessing = 0;
		};
		613C4E742E25C22F00237B60 /* Resources */ = {
			isa = PBXResourcesBuildPhase;
			buildActionMask = 2147483647;
			files = (
			);
			runOnlyForDeploymentPostprocessing = 0;
		};
		6142AF4C2E2707FB00F0C79D /* Resources */ = {
			isa = PBXResourcesBuildPhase;
			buildActionMask = 2147483647;
			files = (
			);
			runOnlyForDeploymentPostprocessing = 0;
		};
/* End PBXResourcesBuildPhase section */

/* Begin PBXSourcesBuildPhase section */
		613C4E5B2E25C22A00237B60 /* Sources */ = {
			isa = PBXSourcesBuildPhase;
			buildActionMask = 2147483647;
			files = (
			);
			runOnlyForDeploymentPostprocessing = 0;
		};
		613C4E682E25C22F00237B60 /* Sources */ = {
			isa = PBXSourcesBuildPhase;
			buildActionMask = 2147483647;
			files = (
			);
			runOnlyForDeploymentPostprocessing = 0;
		};
		613C4E722E25C22F00237B60 /* Sources */ = {
			isa = PBXSourcesBuildPhase;
			buildActionMask = 2147483647;
			files = (
			);
			runOnlyForDeploymentPostprocessing = 0;
		};
		6142AF4A2E2707FB00F0C79D /* Sources */ = {
			isa = PBXSourcesBuildPhase;
			buildActionMask = 2147483647;
			files = (
			);
			runOnlyForDeploymentPostprocessing = 0;
		};
/* End PBXSourcesBuildPhase section */

/* Begin PBXTargetDependency section */
		613C4E6E2E25C22F00237B60 /* PBXTargetDependency */ = {
			isa = PBXTargetDependency;
			target = 613C4E5E2E25C22A00237B60 /* Fitter */;
			targetProxy = 613C4E6D2E25C22F00237B60 /* PBXContainerItemProxy */;
		};
		613C4E782E25C22F00237B60 /* PBXTargetDependency */ = {
			isa = PBXTargetDependency;
			target = 613C4E5E2E25C22A00237B60 /* Fitter */;
			targetProxy = 613C4E772E25C22F00237B60 /* PBXContainerItemProxy */;
		};
		6142AF612E2707FE00F0C79D /* PBXTargetDependency */ = {
			isa = PBXTargetDependency;
			target = 6142AF4D2E2707FB00F0C79D /* FitterWidgetExtension */;
			targetProxy = 6142AF602E2707FE00F0C79D /* PBXContainerItemProxy */;
		};
/* End PBXTargetDependency section */

/* Begin XCBuildConfiguration section */
		613C4E7E2E25C22F00237B60 /* Debug */ = {
			isa = XCBuildConfiguration;
			buildSettings = {
				ALWAYS_SEARCH_USER_PATHS = NO;
				ASSETCATALOG_COMPILER_GENERATE_SWIFT_ASSET_SYMBOL_EXTENSIONS = YES;
				CLANG_ANALYZER_NONNULL = YES;
				CLANG_ANALYZER_NUMBER_OBJECT_CONVERSION = YES_AGGRESSIVE;
				CLANG_CXX_LANGUAGE_STANDARD = "gnu++20";
				CLANG_ENABLE_MODULES = YES;
				CLANG_ENABLE_OBJC_ARC = YES;
				CLANG_ENABLE_OBJC_WEAK = YES;
				CLANG_WARN_BLOCK_CAPTURE_AUTORELEASING = YES;
				CLANG_WARN_BOOL_CONVERSION = YES;
				CLANG_WARN_COMMA = YES;
				CLANG_WARN_CONSTANT_CONVERSION = YES;
				CLANG_WARN_DEPRECATED_OBJC_IMPLEMENTATIONS = YES;
				CLANG_WARN_DIRECT_OBJC_ISA_USAGE = YES_ERROR;
				CLANG_WARN_DOCUMENTATION_COMMENTS = YES;
				CLANG_WARN_EMPTY_BODY = YES;
				CLANG_WARN_ENUM_CONVERSION = YES;
				CLANG_WARN_INFINITE_RECURSION = YES;
				CLANG_WARN_INT_CONVERSION = YES;
				CLANG_WARN_NON_LITERAL_NULL_CONVERSION = YES;
				CLANG_WARN_OBJC_IMPLICIT_RETAIN_SELF = YES;
				CLANG_WARN_OBJC_LITERAL_CONVERSION = YES;
				CLANG_WARN_OBJC_ROOT_CLASS = YES_ERROR;
				CLANG_WARN_QUOTED_INCLUDE_IN_FRAMEWORK_HEADER = YES;
				CLANG_WARN_RANGE_LOOP_ANALYSIS = YES;
				CLANG_WARN_STRICT_PROTOTYPES = YES;
				CLANG_WARN_SUSPICIOUS_MOVE = YES;
				CLANG_WARN_UNGUARDED_AVAILABILITY = YES_AGGRESSIVE;
				CLANG_WARN_UNREACHABLE_CODE = YES;
				CLANG_WARN__DUPLICATE_METHOD_MATCH = YES;
				COPY_PHASE_STRIP = NO;
				DEBUG_INFORMATION_FORMAT = dwarf;
				DEVELOPMENT_TEAM = Z63L6KDQ9K;
				ENABLE_STRICT_OBJC_MSGSEND = YES;
				ENABLE_TESTABILITY = YES;
				ENABLE_USER_SCRIPT_SANDBOXING = YES;
				GCC_C_LANGUAGE_STANDARD = gnu17;
				GCC_DYNAMIC_NO_PIC = NO;
				GCC_NO_COMMON_BLOCKS = YES;
				GCC_OPTIMIZATION_LEVEL = 0;
				GCC_PREPROCESSOR_DEFINITIONS = (
					"DEBUG=1",
					"$(inherited)",
				);
				GCC_WARN_64_TO_32_BIT_CONVERSION = YES;
				GCC_WARN_ABOUT_RETURN_TYPE = YES_ERROR;
				GCC_WARN_UNDECLARED_SELECTOR = YES;
				GCC_WARN_UNINITIALIZED_AUTOS = YES_AGGRESSIVE;
				GCC_WARN_UNUSED_FUNCTION = YES;
				GCC_WARN_UNUSED_VARIABLE = YES;
				IPHONEOS_DEPLOYMENT_TARGET = 18.5;
				LOCALIZATION_PREFERS_STRING_CATALOGS = YES;
				MTL_ENABLE_DEBUG_INFO = INCLUDE_SOURCE;
				MTL_FAST_MATH = YES;
				ONLY_ACTIVE_ARCH = YES;
				SDKROOT = iphoneos;
				STRING_CATALOG_GENERATE_SYMBOLS = YES;
				SWIFT_ACTIVE_COMPILATION_CONDITIONS = "DEBUG $(inherited)";
				SWIFT_OPTIMIZATION_LEVEL = "-Onone";
			};
			name = Debug;
		};
		613C4E7F2E25C22F00237B60 /* Release */ = {
			isa = XCBuildConfiguration;
			buildSettings = {
				ALWAYS_SEARCH_USER_PATHS = NO;
				ASSETCATALOG_COMPILER_GENERATE_SWIFT_ASSET_SYMBOL_EXTENSIONS = YES;
				CLANG_ANALYZER_NONNULL = YES;
				CLANG_ANALYZER_NUMBER_OBJECT_CONVERSION = YES_AGGRESSIVE;
				CLANG_CXX_LANGUAGE_STANDARD = "gnu++20";
				CLANG_ENABLE_MODULES = YES;
				CLANG_ENABLE_OBJC_ARC = YES;
				CLANG_ENABLE_OBJC_WEAK = YES;
				CLANG_WARN_BLOCK_CAPTURE_AUTORELEASING = YES;
				CLANG_WARN_BOOL_CONVERSION = YES;
				CLANG_WARN_COMMA = YES;
				CLANG_WARN_CONSTANT_CONVERSION = YES;
				CLANG_WARN_DEPRECATED_OBJC_IMPLEMENTATIONS = YES;
				CLANG_WARN_DIRECT_OBJC_ISA_USAGE = YES_ERROR;
				CLANG_WARN_DOCUMENTATION_COMMENTS = YES;
				CLANG_WARN_EMPTY_BODY = YES;
				CLANG_WARN_ENUM_CONVERSION = YES;
				CLANG_WARN_INFINITE_RECURSION = YES;
				CLANG_WARN_INT_CONVERSION = YES;
				CLANG_WARN_NON_LITERAL_NULL_CONVERSION = YES;
				CLANG_WARN_OBJC_IMPLICIT_RETAIN_SELF = YES;
				CLANG_WARN_OBJC_LITERAL_CONVERSION = YES;
				CLANG_WARN_OBJC_ROOT_CLASS = YES_ERROR;
				CLANG_WARN_QUOTED_INCLUDE_IN_FRAMEWORK_HEADER = YES;
				CLANG_WARN_RANGE_LOOP_ANALYSIS = YES;
				CLANG_WARN_STRICT_PROTOTYPES = YES;
				CLANG_WARN_SUSPICIOUS_MOVE = YES;
				CLANG_WARN_UNGUARDED_AVAILABILITY = YES_AGGRESSIVE;
				CLANG_WARN_UNREACHABLE_CODE = YES;
				CLANG_WARN__DUPLICATE_METHOD_MATCH = YES;
				COPY_PHASE_STRIP = NO;
				DEBUG_INFORMATION_FORMAT = "dwarf-with-dsym";
				DEVELOPMENT_TEAM = Z63L6KDQ9K;
				ENABLE_NS_ASSERTIONS = NO;
				ENABLE_STRICT_OBJC_MSGSEND = YES;
				ENABLE_USER_SCRIPT_SANDBOXING = YES;
				GCC_C_LANGUAGE_STANDARD = gnu17;
				GCC_NO_COMMON_BLOCKS = YES;
				GCC_WARN_64_TO_32_BIT_CONVERSION = YES;
				GCC_WARN_ABOUT_RETURN_TYPE = YES_ERROR;
				GCC_WARN_UNDECLARED_SELECTOR = YES;
				GCC_WARN_UNINITIALIZED_AUTOS = YES_AGGRESSIVE;
				GCC_WARN_UNUSED_FUNCTION = YES;
				GCC_WARN_UNUSED_VARIABLE = YES;
				IPHONEOS_DEPLOYMENT_TARGET = 18.5;
				LOCALIZATION_PREFERS_STRING_CATALOGS = YES;
				MTL_ENABLE_DEBUG_INFO = NO;
				MTL_FAST_MATH = YES;
				SDKROOT = iphoneos;
				STRING_CATALOG_GENERATE_SYMBOLS = YES;
				SWIFT_COMPILATION_MODE = wholemodule;
				VALIDATE_PRODUCT = YES;
			};
			name = Release;
		};
		613C4E812E25C22F00237B60 /* Debug */ = {
			isa = XCBuildConfiguration;
			buildSettings = {
				ASSETCATALOG_COMPILER_APPICON_NAME = AppIcon;
				ASSETCATALOG_COMPILER_GLOBAL_ACCENT_COLOR_NAME = AccentColor;
				CODE_SIGN_ENTITLEMENTS = Fitter/Fitter.entitlements;
				CODE_SIGN_STYLE = Automatic;
				CURRENT_PROJECT_VERSION = 1;
				ENABLE_PREVIEWS = YES;
				GENERATE_INFOPLIST_FILE = YES;
				INFOPLIST_KEY_UIApplicationSceneManifest_Generation = YES;
				INFOPLIST_KEY_UIApplicationSupportsIndirectInputEvents = YES;
				INFOPLIST_KEY_UILaunchScreen_Generation = YES;
				INFOPLIST_KEY_UISupportedInterfaceOrientations_iPad = "UIInterfaceOrientationPortrait UIInterfaceOrientationPortraitUpsideDown UIInterfaceOrientationLandscapeLeft UIInterfaceOrientationLandscapeRight";
				INFOPLIST_KEY_UISupportedInterfaceOrientations_iPhone = "UIInterfaceOrientationPortrait UIInterfaceOrientationLandscapeLeft UIInterfaceOrientationLandscapeRight";
				IPHONEOS_DEPLOYMENT_TARGET = 18.0;
				LD_RUNPATH_SEARCH_PATHS = (
					"$(inherited)",
					"@executable_path/Frameworks",
				);
				MARKETING_VERSION = 1.0;
				PRODUCT_BUNDLE_IDENTIFIER = com.jabir.Fitter;
				PRODUCT_NAME = "$(TARGET_NAME)";
				SWIFT_EMIT_LOC_STRINGS = YES;
				SWIFT_VERSION = 5.0;
				TARGETED_DEVICE_FAMILY = "1,2";
			};
			name = Debug;
		};
		613C4E822E25C22F00237B60 /* Release */ = {
			isa = XCBuildConfiguration;
			buildSettings = {
				ASSETCATALOG_COMPILER_APPICON_NAME = AppIcon;
				ASSETCATALOG_COMPILER_GLOBAL_ACCENT_COLOR_NAME = AccentColor;
				CODE_SIGN_ENTITLEMENTS = Fitter/Fitter.entitlements;
				CODE_SIGN_STYLE = Automatic;
				CURRENT_PROJECT_VERSION = 1;
				ENABLE_PREVIEWS = YES;
				GENERATE_INFOPLIST_FILE = YES;
				INFOPLIST_KEY_UIApplicationSceneManifest_Generation = YES;
				INFOPLIST_KEY_UIApplicationSupportsIndirectInputEvents = YES;
				INFOPLIST_KEY_UILaunchScreen_Generation = YES;
				INFOPLIST_KEY_UISupportedInterfaceOrientations_iPad = "UIInterfaceOrientationPortrait UIInterfaceOrientationPortraitUpsideDown UIInterfaceOrientationLandscapeLeft UIInterfaceOrientationLandscapeRight";
				INFOPLIST_KEY_UISupportedInterfaceOrientations_iPhone = "UIInterfaceOrientationPortrait UIInterfaceOrientationLandscapeLeft UIInterfaceOrientationLandscapeRight";
				IPHONEOS_DEPLOYMENT_TARGET = 18.0;
				LD_RUNPATH_SEARCH_PATHS = (
					"$(inherited)",
					"@executable_path/Frameworks",
				);
				MARKETING_VERSION = 1.0;
				PRODUCT_BUNDLE_IDENTIFIER = com.jabir.Fitter;
				PRODUCT_NAME = "$(TARGET_NAME)";
				SWIFT_EMIT_LOC_STRINGS = YES;
				SWIFT_VERSION = 5.0;
				TARGETED_DEVICE_FAMILY = "1,2";
			};
			name = Release;
		};
		613C4E842E25C22F00237B60 /* Debug */ = {
			isa = XCBuildConfiguration;
			buildSettings = {
				BUNDLE_LOADER = "$(TEST_HOST)";
				"CODE_SIGN_IDENTITY[sdk=macosx*]" = "Apple Development";
				CODE_SIGN_STYLE = Automatic;
				CURRENT_PROJECT_VERSION = 1;
				GENERATE_INFOPLIST_FILE = YES;
				IPHONEOS_DEPLOYMENT_TARGET = 18.5;
				MARKETING_VERSION = 1.0;
				PRODUCT_BUNDLE_IDENTIFIER = com.jabir.FitterTests;
				PRODUCT_NAME = "$(TARGET_NAME)";
				SWIFT_EMIT_LOC_STRINGS = NO;
				SWIFT_VERSION = 5.0;
				TARGETED_DEVICE_FAMILY = "1,2";
				TEST_HOST = "$(BUILT_PRODUCTS_DIR)/Fitter.app/$(BUNDLE_EXECUTABLE_FOLDER_PATH)/Fitter";
			};
			name = Debug;
		};
		613C4E852E25C22F00237B60 /* Release */ = {
			isa = XCBuildConfiguration;
			buildSettings = {
				BUNDLE_LOADER = "$(TEST_HOST)";
				"CODE_SIGN_IDENTITY[sdk=macosx*]" = "Apple Development";
				CODE_SIGN_STYLE = Automatic;
				CURRENT_PROJECT_VERSION = 1;
				GENERATE_INFOPLIST_FILE = YES;
				IPHONEOS_DEPLOYMENT_TARGET = 18.5;
				MARKETING_VERSION = 1.0;
				PRODUCT_BUNDLE_IDENTIFIER = com.jabir.FitterTests;
				PRODUCT_NAME = "$(TARGET_NAME)";
				SWIFT_EMIT_LOC_STRINGS = NO;
				SWIFT_VERSION = 5.0;
				TARGETED_DEVICE_FAMILY = "1,2";
				TEST_HOST = "$(BUILT_PRODUCTS_DIR)/Fitter.app/$(BUNDLE_EXECUTABLE_FOLDER_PATH)/Fitter";
			};
			name = Release;
		};
		613C4E872E25C22F00237B60 /* Debug */ = {
			isa = XCBuildConfiguration;
			buildSettings = {
				"CODE_SIGN_IDENTITY[sdk=macosx*]" = "Apple Development";
				CODE_SIGN_STYLE = Automatic;
				CURRENT_PROJECT_VERSION = 1;
				GENERATE_INFOPLIST_FILE = YES;
				MARKETING_VERSION = 1.0;
				PRODUCT_BUNDLE_IDENTIFIER = com.jabir.FitterUITests;
				PRODUCT_NAME = "$(TARGET_NAME)";
				SWIFT_EMIT_LOC_STRINGS = NO;
				SWIFT_VERSION = 5.0;
				TARGETED_DEVICE_FAMILY = "1,2";
				TEST_TARGET_NAME = Fitter;
			};
			name = Debug;
		};
		613C4E882E25C22F00237B60 /* Release */ = {
			isa = XCBuildConfiguration;
			buildSettings = {
				"CODE_SIGN_IDENTITY[sdk=macosx*]" = "Apple Development";
				CODE_SIGN_STYLE = Automatic;
				CURRENT_PROJECT_VERSION = 1;
				GENERATE_INFOPLIST_FILE = YES;
				MARKETING_VERSION = 1.0;
				PRODUCT_BUNDLE_IDENTIFIER = com.jabir.FitterUITests;
				PRODUCT_NAME = "$(TARGET_NAME)";
				SWIFT_EMIT_LOC_STRINGS = NO;
				SWIFT_VERSION = 5.0;
				TARGETED_DEVICE_FAMILY = "1,2";
				TEST_TARGET_NAME = Fitter;
			};
			name = Release;
		};
		6142AF642E2707FF00F0C79D /* Debug */ = {
			isa = XCBuildConfiguration;
			buildSettings = {
				ASSETCATALOG_COMPILER_GLOBAL_ACCENT_COLOR_NAME = AccentColor;
				ASSETCATALOG_COMPILER_WIDGET_BACKGROUND_COLOR_NAME = WidgetBackground;
				CODE_SIGN_ENTITLEMENTS = FitterWidgetExtension.entitlements;
				CODE_SIGN_STYLE = Automatic;
				CURRENT_PROJECT_VERSION = 1;
				GENERATE_INFOPLIST_FILE = YES;
				INFOPLIST_FILE = FitterWidget/Info.plist;
				INFOPLIST_KEY_CFBundleDisplayName = FitterWidget;
				INFOPLIST_KEY_NSHumanReadableCopyright = "";
				IPHONEOS_DEPLOYMENT_TARGET = 18.0;
				LD_RUNPATH_SEARCH_PATHS = (
					"$(inherited)",
					"@executable_path/Frameworks",
					"@executable_path/../../Frameworks",
				);
				MARKETING_VERSION = 1.0;
				PRODUCT_BUNDLE_IDENTIFIER = com.jabir.Fitter.FitterWidget;
				PRODUCT_NAME = "$(TARGET_NAME)";
				SKIP_INSTALL = YES;
				SWIFT_EMIT_LOC_STRINGS = YES;
				SWIFT_VERSION = 5.0;
				TARGETED_DEVICE_FAMILY = "1,2";
			};
			name = Debug;
		};
		6142AF652E2707FF00F0C79D /* Release */ = {
			isa = XCBuildConfiguration;
			buildSettings = {
				ASSETCATALOG_COMPILER_GLOBAL_ACCENT_COLOR_NAME = AccentColor;
				ASSETCATALOG_COMPILER_WIDGET_BACKGROUND_COLOR_NAME = WidgetBackground;
				CODE_SIGN_ENTITLEMENTS = FitterWidgetExtension.entitlements;
				CODE_SIGN_STYLE = Automatic;
				CURRENT_PROJECT_VERSION = 1;
				GENERATE_INFOPLIST_FILE = YES;
				INFOPLIST_FILE = FitterWidget/Info.plist;
				INFOPLIST_KEY_CFBundleDisplayName = FitterWidget;
				INFOPLIST_KEY_NSHumanReadableCopyright = "";
				IPHONEOS_DEPLOYMENT_TARGET = 18.0;
				LD_RUNPATH_SEARCH_PATHS = (
					"$(inherited)",
					"@executable_path/Frameworks",
					"@executable_path/../../Frameworks",
				);
				MARKETING_VERSION = 1.0;
				PRODUCT_BUNDLE_IDENTIFIER = com.jabir.Fitter.FitterWidget;
				PRODUCT_NAME = "$(TARGET_NAME)";
				SKIP_INSTALL = YES;
				SWIFT_EMIT_LOC_STRINGS = YES;
				SWIFT_VERSION = 5.0;
				TARGETED_DEVICE_FAMILY = "1,2";
			};
			name = Release;
		};
/* End XCBuildConfiguration section */

/* Begin XCConfigurationList section */
		613C4E5A2E25C22A00237B60 /* Build configuration list for PBXProject "Fitter" */ = {
			isa = XCConfigurationList;
			buildConfigurations = (
				613C4E7E2E25C22F00237B60 /* Debug */,
				613C4E7F2E25C22F00237B60 /* Release */,
			);
			defaultConfigurationIsVisible = 0;
			defaultConfigurationName = Release;
		};
		613C4E802E25C22F00237B60 /* Build configuration list for PBXNativeTarget "Fitter" */ = {
			isa = XCConfigurationList;
			buildConfigurations = (
				613C4E812E25C22F00237B60 /* Debug */,
				613C4E822E25C22F00237B60 /* Release */,
			);
			defaultConfigurationIsVisible = 0;
			defaultConfigurationName = Release;
		};
		613C4E832E25C22F00237B60 /* Build configuration list for PBXNativeTarget "FitterTests" */ = {
			isa = XCConfigurationList;
			buildConfigurations = (
				613C4E842E25C22F00237B60 /* Debug */,
				613C4E852E25C22F00237B60 /* Release */,
			);
			defaultConfigurationIsVisible = 0;
			defaultConfigurationName = Release;
		};
		613C4E862E25C22F00237B60 /* Build configuration list for PBXNativeTarget "FitterUITests" */ = {
			isa = XCConfigurationList;
			buildConfigurations = (
				613C4E872E25C22F00237B60 /* Debug */,
				613C4E882E25C22F00237B60 /* Release */,
			);
			defaultConfigurationIsVisible = 0;
			defaultConfigurationName = Release;
		};
		6142AF672E2707FF00F0C79D /* Build configuration list for PBXNativeTarget "FitterWidgetExtension" */ = {
			isa = XCConfigurationList;
			buildConfigurations = (
				6142AF642E2707FF00F0C79D /* Debug */,
				6142AF652E2707FF00F0C79D /* Release */,
			);
			defaultConfigurationIsVisible = 0;
			defaultConfigurationName = Release;
		};
/* End XCConfigurationList section */
	};
	rootObject = 613C4E572E25C22A00237B60 /* Project object */;
}
